// !$*UTF8*$!
{
	archiveVersion = 1;
	classes = {
	};
	objectVersion = 46;
	objects = {

/* Begin PBXBuildFile section */
		C6FE6AAE1E218111005C93FF /* AppDelegate.swift in Sources */ = {isa = PBXBuildFile; fileRef = C6FE6AAD1E218111005C93FF /* AppDelegate.swift */; };
		C6FE6AB01E218111005C93FF /* ViewController.swift in Sources */ = {isa = PBXBuildFile; fileRef = C6FE6AAF1E218111005C93FF /* ViewController.swift */; };
		C6FE6AB31E218111005C93FF /* Main.storyboard in Resources */ = {isa = PBXBuildFile; fileRef = C6FE6AB11E218111005C93FF /* Main.storyboard */; };
		C6FE6AB51E218111005C93FF /* Assets.xcassets in Resources */ = {isa = PBXBuildFile; fileRef = C6FE6AB41E218111005C93FF /* Assets.xcassets */; };
		C6FE6AB81E218111005C93FF /* LaunchScreen.storyboard in Resources */ = {isa = PBXBuildFile; fileRef = C6FE6AB61E218111005C93FF /* LaunchScreen.storyboard */; };
/* End PBXBuildFile section */

/* Begin PBXFileReference section */
		C6FE6AAA1E218111005C93FF /* Arraya-Algorithms.app */ = {isa = PBXFileReference; explicitFileType = wrapper.application; includeInIndex = 0; path = "Arraya-Algorithms.app"; sourceTree = BUILT_PRODUCTS_DIR; };
		C6FE6AAD1E218111005C93FF /* AppDelegate.swift */ = {isa = PBXFileReference; lastKnownFileType = sourcecode.swift; path = AppDelegate.swift; sourceTree = "<group>"; };
		C6FE6AAF1E218111005C93FF /* ViewController.swift */ = {isa = PBXFileReference; lastKnownFileType = sourcecode.swift; path = ViewController.swift; sourceTree = "<group>"; };
		C6FE6AB21E218111005C93FF /* Base */ = {isa = PBXFileReference; lastKnownFileType = file.storyboard; name = Base; path = Base.lproj/Main.storyboard; sourceTree = "<group>"; };
		C6FE6AB41E218111005C93FF /* Assets.xcassets */ = {isa = PBXFileReference; lastKnownFileType = folder.assetcatalog; path = Assets.xcassets; sourceTree = "<group>"; };
		C6FE6AB71E218111005C93FF /* Base */ = {isa = PBXFileReference; lastKnownFileType = file.storyboard; name = Base; path = Base.lproj/LaunchScreen.storyboard; sourceTree = "<group>"; };
		C6FE6AB91E218111005C93FF /* Info.plist */ = {isa = PBXFileReference; lastKnownFileType = text.plist.xml; path = Info.plist; sourceTree = "<group>"; };
/* End PBXFileReference section */

/* Begin PBXFrameworksBuildPhase section */
		C6FE6AA71E218111005C93FF /* Frameworks */ = {
			isa = PBXFrameworksBuildPhase;
			buildActionMask = 2147483647;
			files = (
			);
			runOnlyForDeploymentPostprocessing = 0;
		};
/* End PBXFrameworksBuildPhase section */

/* Begin PBXGroup section */
		C6FE6AA11E218111005C93FF = {
			isa = PBXGroup;
			children = (
				C6FE6AAC1E218111005C93FF /* Arraya-Algorithms */,
				C6FE6AAB1E218111005C93FF /* Products */,
			);
			sourceTree = "<group>";
		};
		C6FE6AAB1E218111005C93FF /* Products */ = {
			isa = PBXGroup;
			children = (
				C6FE6AAA1E218111005C93FF /* Arraya-Algorithms.app */,
			);
			name = Products;
			sourceTree = "<group>";
		};
		C6FE6AAC1E218111005C93FF /* Arraya-Algorithms */ = {
			isa = PBXGroup;
			children = (
				C6FE6AAD1E218111005C93FF /* AppDelegate.swift */,
				C6FE6AAF1E218111005C93FF /* ViewController.swift */,
				C6FE6AB11E218111005C93FF /* Main.storyboard */,
				C6FE6AB41E218111005C93FF /* Assets.xcassets */,
				C6FE6AB61E218111005C93FF /* LaunchScreen.storyboard */,
				C6FE6AB91E218111005C93FF /* Info.plist */,
			);
			path = "Arraya-Algorithms";
			sourceTree = "<group>";
		};
/* End PBXGroup section */

/* Begin PBXNativeTarget section */
		C6FE6AA91E218111005C93FF /* Arraya-Algorithms */ = {
			isa = PBXNativeTarget;
			buildConfigurationList = C6FE6ABC1E218111005C93FF /* Build configuration list for PBXNativeTarget "Arraya-Algorithms" */;
			buildPhases = (
				C6FE6AA61E218111005C93FF /* Sources */,
				C6FE6AA71E218111005C93FF /* Frameworks */,
				C6FE6AA81E218111005C93FF /* Resources */,
			);
			buildRules = (
			);
			dependencies = (
			);
			name = "Arraya-Algorithms";
			productName = "Arraya-Algorithms";
			productReference = C6FE6AAA1E218111005C93FF /* Arraya-Algorithms.app */;
			productType = "com.apple.product-type.application";
		};
/* End PBXNativeTarget section */

/* Begin PBXProject section */
		C6FE6AA21E218111005C93FF /* Project object */ = {
			isa = PBXProject;
			attributes = {
				LastSwiftUpdateCheck = 0800;
				LastUpgradeCheck = 0800;
				ORGANIZATIONNAME = "Aditya Gaonkr";
				TargetAttributes = {
					C6FE6AA91E218111005C93FF = {
						CreatedOnToolsVersion = 8.0;
						ProvisioningStyle = Automatic;
					};
				};
			};
			buildConfigurationList = C6FE6AA51E218111005C93FF /* Build configuration list for PBXProject "Arraya-Algorithms" */;
			compatibilityVersion = "Xcode 3.2";
			developmentRegion = English;
			hasScannedForEncodings = 0;
			knownRegions = (
				en,
				Base,
			);
			mainGroup = C6FE6AA11E218111005C93FF;
			productRefGroup = C6FE6AAB1E218111005C93FF /* Products */;
			projectDirPath = "";
			projectRoot = "";
			targets = (
				C6FE6AA91E218111005C93FF /* Arraya-Algorithms */,
			);
		};
/* End PBXProject section */

/* Begin PBXResourcesBuildPhase section */
		C6FE6AA81E218111005C93FF /* Resources */ = {
			isa = PBXResourcesBuildPhase;
			buildActionMask = 2147483647;
			files = (
				C6FE6AB81E218111005C93FF /* LaunchScreen.storyboard in Resources */,
				C6FE6AB51E218111005C93FF /* Assets.xcassets in Resources */,
				C6FE6AB31E218111005C93FF /* Main.storyboard in Resources */,
			);
			runOnlyForDeploymentPostprocessing = 0;
		};
/* End PBXResourcesBuildPhase section */

/* Begin PBXSourcesBuildPhase section */
		C6FE6AA61E218111005C93FF /* Sources */ = {
			isa = PBXSourcesBuildPhase;
			buildActionMask = 2147483647;
			files = (
				C6FE6AB01E218111005C93FF /* ViewController.swift in Sources */,
				C6FE6AAE1E218111005C93FF /* AppDelegate.swift in Sources */,
			);
			runOnlyForDeploymentPostprocessing = 0;
		};
/* End PBXSourcesBuildPhase section */

/* Begin PBXVariantGroup section */
		C6FE6AB11E218111005C93FF /* Main.storyboard */ = {
			isa = PBXVariantGroup;
			children = (
				C6FE6AB21E218111005C93FF /* Base */,
			);
			name = Main.storyboard;
			sourceTree = "<group>";
		};
		C6FE6AB61E218111005C93FF /* LaunchScreen.storyboard */ = {
			isa = PBXVariantGroup;
			children = (
				C6FE6AB71E218111005C93FF /* Base */,
			);
			name = LaunchScreen.storyboard;
			sourceTree = "<group>";
		};
/* End PBXVariantGroup section */

/* Begin XCBuildConfiguration section */
		C6FE6ABA1E218111005C93FF /* Debug */ = {
			isa = XCBuildConfiguration;
			buildSettings = {
				ALWAYS_SEARCH_USER_PATHS = NO;
				CLANG_ANALYZER_NONNULL = YES;
				CLANG_CXX_LANGUAGE_STANDARD = "gnu++0x";
				CLANG_CXX_LIBRARY = "libc++";
				CLANG_ENABLE_MODULES = YES;
				CLANG_ENABLE_OBJC_ARC = YES;
				CLANG_WARN_BOOL_CONVERSION = YES;
				CLANG_WARN_CONSTANT_CONVERSION = YES;
				CLANG_WARN_DIRECT_OBJC_ISA_USAGE = YES_ERROR;
				CLANG_WARN_DOCUMENTATION_COMMENTS = YES;
				CLANG_WARN_EMPTY_BODY = YES;
				CLANG_WARN_ENUM_CONVERSION = YES;
				CLANG_WARN_INFINITE_RECURSION = YES;
				CLANG_WARN_INT_CONVERSION = YES;
				CLANG_WARN_OBJC_ROOT_CLASS = YES_ERROR;
				CLANG_WARN_SUSPICIOUS_MOVES = YES;
				CLANG_WARN_UNREACHABLE_CODE = YES;
				CLANG_WARN__DUPLICATE_METHOD_MATCH = YES;
				"CODE_SIGN_IDENTITY[sdk=iphoneos*]" = "iPhone Developer";
				COPY_PHASE_STRIP = NO;
				DEBUG_INFORMATION_FORMAT = dwarf;
				ENABLE_STRICT_OBJC_MSGSEND = YES;
				ENABLE_TESTABILITY = YES;
				GCC_C_LANGUAGE_STANDARD = gnu99;
				GCC_DYNAMIC_NO_PIC = NO;
				GCC_NO_COMMON_BLOCKS = YES;
				GCC_OPTIMIZATION_LEVEL = 0;
				GCC_PREPROCESSOR_DEFINITIONS = (
					"DEBUG=1",
					"$(inherited)",
				);
				GCC_WARN_64_TO_32_BIT_CONVERSION = YES;
				GCC_WARN_ABOUT_RETURN_TYPE = YES_ERROR;
				GCC_WARN_UNDECLARED_SELECTOR = YES;
				GCC_WARN_UNINITIALIZED_AUTOS = YES_AGGRESSIVE;
				GCC_WARN_UNUSED_FUNCTION = YES;
				GCC_WARN_UNUSED_VARIABLE = YES;
				IPHONEOS_DEPLOYMENT_TARGET = 10.0;
				MTL_ENABLE_DEBUG_INFO = YES;
				ONLY_ACTIVE_ARCH = YES;
				SDKROOT = iphoneos;
				SWIFT_ACTIVE_COMPILATION_CONDITIONS = DEBUG;
				SWIFT_OPTIMIZATION_LEVEL = "-Onone";
				TARGETED_DEVICE_FAMILY = "1,2";
			};
			name = Debug;
		};
		C6FE6ABB1E218111005C93FF /* Release */ = {
			isa = XCBuildConfiguration;
			buildSettings = {
				ALWAYS_SEARCH_USER_PATHS = NO;
				CLANG_ANALYZER_NONNULL = YES;
				CLANG_CXX_LANGUAGE_STANDARD = "gnu++0x";
				CLANG_CXX_LIBRARY = "libc++";
				CLANG_ENABLE_MODULES = YES;
				CLANG_ENABLE_OBJC_ARC = YES;
				CLANG_WARN_BOOL_CONVERSION = YES;
				CLANG_WARN_CONSTANT_CONVERSION = YES;
				CLANG_WARN_DIRECT_OBJC_ISA_USAGE = YES_ERROR;
				CLANG_WARN_DOCUMENTATION_COMMENTS = YES;
				CLANG_WARN_EMPTY_BODY = YES;
				CLANG_WARN_ENUM_CONVERSION = YES;
				CLANG_WARN_INFINITE_RECURSION = YES;
				CLANG_WARN_INT_CONVERSION = YES;
				CLANG_WARN_OBJC_ROOT_CLASS = YES_ERROR;
				CLANG_WARN_SUSPICIOUS_MOVES = YES;
				CLANG_WARN_UNREACHABLE_CODE = YES;
				CLANG_WARN__DUPLICATE_METHOD_MATCH = YES;
				"CODE_SIGN_IDENTITY[sdk=iphoneos*]" = "iPhone Developer";
				COPY_PHASE_STRIP = NO;
				DEBUG_INFORMATION_FORMAT = "dwarf-with-dsym";
				ENABLE_NS_ASSERTIONS = NO;
				ENABLE_STRICT_OBJC_MSGSEND = YES;
				GCC_C_LANGUAGE_STANDARD = gnu99;
				GCC_NO_COMMON_BLOCKS = YES;
				GCC_WARN_64_TO_32_BIT_CONVERSION = YES;
				GCC_WARN_ABOUT_RETURN_TYPE = YES_ERROR;
				GCC_WARN_UNDECLARED_SELECTOR = YES;
				GCC_WARN_UNINITIALIZED_AUTOS = YES_AGGRESSIVE;
				GCC_WARN_UNUSED_FUNCTION = YES;
				GCC_WARN_UNUSED_VARIABLE = YES;
				IPHONEOS_DEPLOYMENT_TARGET = 10.0;
				MTL_ENABLE_DEBUG_INFO = NO;
				SDKROOT = iphoneos;
				SWIFT_OPTIMIZATION_LEVEL = "-Owholemodule";
				TARGETED_DEVICE_FAMILY = "1,2";
				VALIDATE_PRODUCT = YES;
			};
			name = Release;
		};
		C6FE6ABD1E218111005C93FF /* Debug */ = {
			isa = XCBuildConfiguration;
			buildSettings = {
				ASSETCATALOG_COMPILER_APPICON_NAME = AppIcon;
				INFOPLIST_FILE = "Arraya-Algorithms/Info.plist";
				LD_RUNPATH_SEARCH_PATHS = "$(inherited) @executable_path/Frameworks";
				PRODUCT_BUNDLE_IDENTIFIER = "QuantumLeap.Arraya-Algorithms";
				PRODUCT_NAME = "$(TARGET_NAME)";
				SWIFT_VERSION = 3.0;
			};
			name = Debug;
		};
		C6FE6ABE1E218111005C93FF /* Release */ = {
			isa = XCBuildConfiguration;
			buildSettings = {
				ASSETCATALOG_COMPILER_APPICON_NAME = AppIcon;
				INFOPLIST_FILE = "Arraya-Algorithms/Info.plist";
				LD_RUNPATH_SEARCH_PATHS = "$(inherited) @executable_path/Frameworks";
				PRODUCT_BUNDLE_IDENTIFIER = "QuantumLeap.Arraya-Algorithms";
				PRODUCT_NAME = "$(TARGET_NAME)";
				SWIFT_VERSION = 3.0;
			};
			name = Release;
		};
/* End XCBuildConfiguration section */

/* Begin XCConfigurationList section */
		C6FE6AA51E218111005C93FF /* Build configuration list for PBXProject "Arraya-Algorithms" */ = {
			isa = XCConfigurationList;
			buildConfigurations = (
				C6FE6ABA1E218111005C93FF /* Debug */,
				C6FE6ABB1E218111005C93FF /* Release */,
			);
			defaultConfigurationIsVisible = 0;
			defaultConfigurationName = Release;
		};
		C6FE6ABC1E218111005C93FF /* Build configuration list for PBXNativeTarget "Arraya-Algorithms" */ = {
			isa = XCConfigurationList;
			buildConfigurations = (
				C6FE6ABD1E218111005C93FF /* Debug */,
				C6FE6ABE1E218111005C93FF /* Release */,
			);
			defaultConfigurationIsVisible = 0;
		};
/* End XCConfigurationList section */
	};
	rootObject = C6FE6AA21E218111005C93FF /* Project object */;
}
